
Microsoft Visual Studio Solution File, Format Version 12.00
# Visual Studio Version 17
VisualStudioVersion = 17.5.002.0
MinimumVisualStudioVersion = 10.0.40219.1
Project("{9A19103F-16F7-4668-BE54-9A1E7A4F7556}") = "CustomerWebAPI", "CustomerWebAPI.csproj", "{373D075D-6E2C-4DBE-8DF0-1C54E02D94FB}"
EndProject
Global
	GlobalSection(SolutionConfigurationPlatforms) = preSolution
		Debug|Any CPU = Debug|Any CPU
		Release|Any CPU = Release|Any CPU
	EndGlobalSection
	GlobalSection(ProjectConfigurationPlatforms) = postSolution
		{373D075D-6E2C-4DBE-8DF0-1C54E02D94FB}.Debug|Any CPU.ActiveCfg = Debug|Any CPU
		{373D075D-6E2C-4DBE-8DF0-1C54E02D94FB}.Debug|Any CPU.Build.0 = Debug|Any CPU
		{373D075D-6E2C-4DBE-8DF0-1C54E02D94FB}.Release|Any CPU.ActiveCfg = Release|Any CPU
		{373D075D-6E2C-4DBE-8DF0-1C54E02D94FB}.Release|Any CPU.Build.0 = Release|Any CPU
	EndGlobalSection
	GlobalSection(SolutionProperties) = preSolution
		HideSolutionNode = FALSE
	EndGlobalSection
	GlobalSection(ExtensibilityGlobals) = postSolution
		SolutionGuid = {D84D0B18-C07C-49D9-B89D-CC81F4D4765C}
	EndGlobalSection
EndGlobal
